
Microsoft Visual Studio Solution File, Format Version 12.00
# Visual Studio Version 17
VisualStudioVersion = 17.14.36401.2
MinimumVisualStudioVersion = 10.0.40219.1
Project("{FAE04EC0-301F-11D3-BF4B-00C04F79EFBC}") = "DreamHome-Mobile-SQLite", "DreamHome-Mobile-SQLite\DreamHome-Mobile-SQLite.csproj", "{47C4662B-DEC1-4333-B4CE-D7747940A6C0}"
EndProject
Global
	GlobalSection(SolutionConfigurationPlatforms) = preSolution
		Debug|Any CPU = Debug|Any CPU
		Release|Any CPU = Release|Any CPU
	EndGlobalSection
	GlobalSection(ProjectConfigurationPlatforms) = postSolution
		{47C4662B-DEC1-4333-B4CE-D7747940A6C0}.Debug|Any CPU.ActiveCfg = Debug|Any CPU
		{47C4662B-DEC1-4333-B4CE-D7747940A6C0}.Debug|Any CPU.Build.0 = Debug|Any CPU
		{47C4662B-DEC1-4333-B4CE-D7747940A6C0}.Debug|Any CPU.Deploy.0 = Debug|Any CPU
		{47C4662B-DEC1-4333-B4CE-D7747940A6C0}.Release|Any CPU.ActiveCfg = Release|Any CPU
		{47C4662B-DEC1-4333-B4CE-D7747940A6C0}.Release|Any CPU.Build.0 = Release|Any CPU
	EndGlobalSection
	GlobalSection(SolutionProperties) = preSolution
		HideSolutionNode = FALSE
	EndGlobalSection
	GlobalSection(ExtensibilityGlobals) = postSolution
		SolutionGuid = {E7C48E92-45AD-4B64-A2FC-606247EC54FD}
	EndGlobalSection
EndGlobal
